
Microsoft Visual Studio Solution File, Format Version 12.00
# Visual Studio Version 17
VisualStudioVersion = 17.14.36930.0 d17.14
MinimumVisualStudioVersion = 10.0.40219.1
Project("{FAE04EC0-301F-11D3-BF4B-00C04F79EFBC}") = "RetailAPI", "RetailAPI.csproj", "{953C47FE-859A-99A2-461B-9EF9E15692AF}"
EndProject
Global
	GlobalSection(SolutionConfigurationPlatforms) = preSolution
		Debug|Any CPU = Debug|Any CPU
		Release|Any CPU = Release|Any CPU
	EndGlobalSection
	GlobalSection(ProjectConfigurationPlatforms) = postSolution
		{953C47FE-859A-99A2-461B-9EF9E15692AF}.Debug|Any CPU.ActiveCfg = Debug|Any CPU
		{953C47FE-859A-99A2-461B-9EF9E15692AF}.Debug|Any CPU.Build.0 = Debug|Any CPU
		{953C47FE-859A-99A2-461B-9EF9E15692AF}.Release|Any CPU.ActiveCfg = Release|Any CPU
		{953C47FE-859A-99A2-461B-9EF9E15692AF}.Release|Any CPU.Build.0 = Release|Any CPU
	EndGlobalSection
	GlobalSection(SolutionProperties) = preSolution
		HideSolutionNode = FALSE
	EndGlobalSection
	GlobalSection(ExtensibilityGlobals) = postSolution
		SolutionGuid = {047D666C-AB87-4479-A6CE-5812D55ECCF6}
	EndGlobalSection
EndGlobal
